
Microsoft Visual Studio Solution File, Format Version 12.00
# Visual Studio Version 17
VisualStudioVersion = 17.9.34701.34
MinimumVisualStudioVersion = 10.0.40219.1
Project("{9A19103F-16F7-4668-BE54-9A1E7A4F7556}") = "TenSampler", "TenSampler.csproj", "{C4738449-5451-4486-B823-1F1A9F60DBEF}"
EndProject
Global
	GlobalSection(SolutionConfigurationPlatforms) = preSolution
		Debug|Any CPU = Debug|Any CPU
		Release|Any CPU = Release|Any CPU
	EndGlobalSection
	GlobalSection(ProjectConfigurationPlatforms) = postSolution
		{C4738449-5451-4486-B823-1F1A9F60DBEF}.Debug|Any CPU.ActiveCfg = Debug|Any CPU
		{C4738449-5451-4486-B823-1F1A9F60DBEF}.Debug|Any CPU.Build.0 = Debug|Any CPU
		{C4738449-5451-4486-B823-1F1A9F60DBEF}.Release|Any CPU.ActiveCfg = Release|Any CPU
		{C4738449-5451-4486-B823-1F1A9F60DBEF}.Release|Any CPU.Build.0 = Release|Any CPU
	EndGlobalSection
	GlobalSection(SolutionProperties) = preSolution
		HideSolutionNode = FALSE
	EndGlobalSection
	GlobalSection(ExtensibilityGlobals) = postSolution
		SolutionGuid = {88BF830E-2F15-46A9-8588-2949FE98D642}
	EndGlobalSection
EndGlobal
